
Microsoft Visual Studio Solution File, Format Version 12.00
# Visual Studio Version 17
VisualStudioVersion = 17.13.35919.96
MinimumVisualStudioVersion = 10.0.40219.1
Project("{FAE04EC0-301F-11D3-BF4B-00C04F79EFBC}") = "BlazorWeb", "BlazorWeb\BlazorWeb.csproj", "{62CB007B-48B6-4E30-A7E3-C716ECA9C7C4}"
EndProject
Project("{2150E333-8FDC-42A3-9474-1A3956D46DE8}") = "src", "src", "{02EA681E-C7D8-13C7-8484-4AC65E1B71E8}"
EndProject
Project("{2150E333-8FDC-42A3-9474-1A3956D46DE8}") = "build", "build", "{7B041FB2-D098-4C9D-9FFD-CA2C56B7C098}"
	ProjectSection(SolutionItems) = preProject
		..\..\..\Downloads\Dockerfile.txt = ..\..\..\Downloads\Dockerfile.txt
	EndProjectSection
EndProject
Project("{2150E333-8FDC-42A3-9474-1A3956D46DE8}") = "Elementos de la solución", "Elementos de la solución", "{D107F4C8-89CC-BEA8-D3D7-CA6B7733353D}"
	ProjectSection(SolutionItems) = preProject
		..\..\..\Downloads\Jenkinsfile.txt = ..\..\..\Downloads\Jenkinsfile.txt
		..\..\..\Downloads\Makefile.txt = ..\..\..\Downloads\Makefile.txt
	EndProjectSection
EndProject
Global
	GlobalSection(SolutionConfigurationPlatforms) = preSolution
		Debug|Any CPU = Debug|Any CPU
		Release|Any CPU = Release|Any CPU
	EndGlobalSection
	GlobalSection(ProjectConfigurationPlatforms) = postSolution
		{62CB007B-48B6-4E30-A7E3-C716ECA9C7C4}.Debug|Any CPU.ActiveCfg = Debug|Any CPU
		{62CB007B-48B6-4E30-A7E3-C716ECA9C7C4}.Debug|Any CPU.Build.0 = Debug|Any CPU
		{62CB007B-48B6-4E30-A7E3-C716ECA9C7C4}.Release|Any CPU.ActiveCfg = Release|Any CPU
		{62CB007B-48B6-4E30-A7E3-C716ECA9C7C4}.Release|Any CPU.Build.0 = Release|Any CPU
	EndGlobalSection
	GlobalSection(SolutionProperties) = preSolution
		HideSolutionNode = FALSE
	EndGlobalSection
	GlobalSection(NestedProjects) = preSolution
		{62CB007B-48B6-4E30-A7E3-C716ECA9C7C4} = {02EA681E-C7D8-13C7-8484-4AC65E1B71E8}
	EndGlobalSection
	GlobalSection(ExtensibilityGlobals) = postSolution
		SolutionGuid = {EC510D7C-30FB-4C71-AD1F-CD1EFF23403D}
	EndGlobalSection
EndGlobal
